// !$*UTF8*$!
{
	archiveVersion = 1;
	classes = {
	};
	objectVersion = 46;
	objects = {

/* Begin PBXBuildFile section */
		881D6E561EBAEB3400BA4ADF /* AppDelegate.swift in Sources */ = {isa = PBXBuildFile; fileRef = 881D6E551EBAEB3400BA4ADF /* AppDelegate.swift */; };
		881D6E581EBAEB3400BA4ADF /* ViewController.swift in Sources */ = {isa = PBXBuildFile; fileRef = 881D6E571EBAEB3400BA4ADF /* ViewController.swift */; };
		881D6E5B1EBAEB3500BA4ADF /* Main.storyboard in Resources */ = {isa = PBXBuildFile; fileRef = 881D6E591EBAEB3500BA4ADF /* Main.storyboard */; };
		881D6E5D1EBAEB3500BA4ADF /* Assets.xcassets in Resources */ = {isa = PBXBuildFile; fileRef = 881D6E5C1EBAEB3500BA4ADF /* Assets.xcassets */; };
		881D6E601EBAEB3500BA4ADF /* LaunchScreen.storyboard in Resources */ = {isa = PBXBuildFile; fileRef = 881D6E5E1EBAEB3500BA4ADF /* LaunchScreen.storyboard */; };
		881D6E681EBAEC0000BA4ADF /* TableViewEventInWeek.swift in Sources */ = {isa = PBXBuildFile; fileRef = 881D6E671EBAEC0000BA4ADF /* TableViewEventInWeek.swift */; };
		881D6E6A1EBAF51A00BA4ADF /* StructData.swift in Sources */ = {isa = PBXBuildFile; fileRef = 881D6E691EBAF51A00BA4ADF /* StructData.swift */; };
		881D6E6C1EBAF59300BA4ADF /* Data.swift in Sources */ = {isa = PBXBuildFile; fileRef = 881D6E6B1EBAF59300BA4ADF /* Data.swift */; };
/* End PBXBuildFile section */

/* Begin PBXFileReference section */
		881D6E521EBAEB3400BA4ADF /* EventInWeek.app */ = {isa = PBXFileReference; explicitFileType = wrapper.application; includeInIndex = 0; path = EventInWeek.app; sourceTree = BUILT_PRODUCTS_DIR; };
		881D6E551EBAEB3400BA4ADF /* AppDelegate.swift */ = {isa = PBXFileReference; lastKnownFileType = sourcecode.swift; path = AppDelegate.swift; sourceTree = "<group>"; };
		881D6E571EBAEB3400BA4ADF /* ViewController.swift */ = {isa = PBXFileReference; lastKnownFileType = sourcecode.swift; path = ViewController.swift; sourceTree = "<group>"; };
		881D6E5A1EBAEB3500BA4ADF /* Base */ = {isa = PBXFileReference; lastKnownFileType = file.storyboard; name = Base; path = Base.lproj/Main.storyboard; sourceTree = "<group>"; };
		881D6E5C1EBAEB3500BA4ADF /* Assets.xcassets */ = {isa = PBXFileReference; lastKnownFileType = folder.assetcatalog; path = Assets.xcassets; sourceTree = "<group>"; };
		881D6E5F1EBAEB3500BA4ADF /* Base */ = {isa = PBXFileReference; lastKnownFileType = file.storyboard; name = Base; path = Base.lproj/LaunchScreen.storyboard; sourceTree = "<group>"; };
		881D6E611EBAEB3500BA4ADF /* Info.plist */ = {isa = PBXFileReference; lastKnownFileType = text.plist.xml; path = Info.plist; sourceTree = "<group>"; };
		881D6E671EBAEC0000BA4ADF /* TableViewEventInWeek.swift */ = {isa = PBXFileReference; fileEncoding = 4; lastKnownFileType = sourcecode.swift; path = TableViewEventInWeek.swift; sourceTree = "<group>"; };
		881D6E691EBAF51A00BA4ADF /* StructData.swift */ = {isa = PBXFileReference; fileEncoding = 4; lastKnownFileType = sourcecode.swift; path = StructData.swift; sourceTree = "<group>"; };
		881D6E6B1EBAF59300BA4ADF /* Data.swift */ = {isa = PBXFileReference; fileEncoding = 4; lastKnownFileType = sourcecode.swift; path = Data.swift; sourceTree = "<group>"; };
/* End PBXFileReference section */

/* Begin PBXFrameworksBuildPhase section */
		881D6E4F1EBAEB3400BA4ADF /* Frameworks */ = {
			isa = PBXFrameworksBuildPhase;
			buildActionMask = 2147483647;
			files = (
			);
			runOnlyForDeploymentPostprocessing = 0;
		};
/* End PBXFrameworksBuildPhase section */

/* Begin PBXGroup section */
		881D6E491EBAEB3400BA4ADF = {
			isa = PBXGroup;
			children = (
				881D6E541EBAEB3400BA4ADF /* EventInWeek */,
				881D6E531EBAEB3400BA4ADF /* Products */,
			);
			sourceTree = "<group>";
		};
		881D6E531EBAEB3400BA4ADF /* Products */ = {
			isa = PBXGroup;
			children = (
				881D6E521EBAEB3400BA4ADF /* EventInWeek.app */,
			);
			name = Products;
			sourceTree = "<group>";
		};
		881D6E541EBAEB3400BA4ADF /* EventInWeek */ = {
			isa = PBXGroup;
			children = (
				881D6E551EBAEB3400BA4ADF /* AppDelegate.swift */,
				881D6E571EBAEB3400BA4ADF /* ViewController.swift */,
				881D6E591EBAEB3500BA4ADF /* Main.storyboard */,
				881D6E5C1EBAEB3500BA4ADF /* Assets.xcassets */,
				881D6E5E1EBAEB3500BA4ADF /* LaunchScreen.storyboard */,
				881D6E611EBAEB3500BA4ADF /* Info.plist */,
				881D6E671EBAEC0000BA4ADF /* TableViewEventInWeek.swift */,
				881D6E6B1EBAF59300BA4ADF /* Data.swift */,
				881D6E691EBAF51A00BA4ADF /* StructData.swift */,
			);
			path = EventInWeek;
			sourceTree = "<group>";
		};
/* End PBXGroup section */

/* Begin PBXNativeTarget section */
		881D6E511EBAEB3400BA4ADF /* EventInWeek */ = {
			isa = PBXNativeTarget;
			buildConfigurationList = 881D6E641EBAEB3500BA4ADF /* Build configuration list for PBXNativeTarget "EventInWeek" */;
			buildPhases = (
				881D6E4E1EBAEB3400BA4ADF /* Sources */,
				881D6E4F1EBAEB3400BA4ADF /* Frameworks */,
				881D6E501EBAEB3400BA4ADF /* Resources */,
			);
			buildRules = (
			);
			dependencies = (
			);
			name = EventInWeek;
			productName = EventInWeek;
			productReference = 881D6E521EBAEB3400BA4ADF /* EventInWeek.app */;
			productType = "com.apple.product-type.application";
		};
/* End PBXNativeTarget section */

/* Begin PBXProject section */
		881D6E4A1EBAEB3400BA4ADF /* Project object */ = {
			isa = PBXProject;
			attributes = {
				LastSwiftUpdateCheck = 0830;
				LastUpgradeCheck = 0830;
				ORGANIZATIONNAME = imac;
				TargetAttributes = {
					881D6E511EBAEB3400BA4ADF = {
						CreatedOnToolsVersion = 8.3.2;
						ProvisioningStyle = Automatic;
					};
				};
			};
			buildConfigurationList = 881D6E4D1EBAEB3400BA4ADF /* Build configuration list for PBXProject "EventInWeek" */;
			compatibilityVersion = "Xcode 3.2";
			developmentRegion = English;
			hasScannedForEncodings = 0;
			knownRegions = (
				en,
				Base,
			);
			mainGroup = 881D6E491EBAEB3400BA4ADF;
			productRefGroup = 881D6E531EBAEB3400BA4ADF /* Products */;
			projectDirPath = "";
			projectRoot = "";
			targets = (
				881D6E511EBAEB3400BA4ADF /* EventInWeek */,
			);
		};
/* End PBXProject section */

/* Begin PBXResourcesBuildPhase section */
		881D6E501EBAEB3400BA4ADF /* Resources */ = {
			isa = PBXResourcesBuildPhase;
			buildActionMask = 2147483647;
			files = (
				881D6E601EBAEB3500BA4ADF /* LaunchScreen.storyboard in Resources */,
				881D6E5D1EBAEB3500BA4ADF /* Assets.xcassets in Resources */,
				881D6E5B1EBAEB3500BA4ADF /* Main.storyboard in Resources */,
			);
			runOnlyForDeploymentPostprocessing = 0;
		};
/* End PBXResourcesBuildPhase section */

/* Begin PBXSourcesBuildPhase section */
		881D6E4E1EBAEB3400BA4ADF /* Sources */ = {
			isa = PBXSourcesBuildPhase;
			buildActionMask = 2147483647;
			files = (
				881D6E581EBAEB3400BA4ADF /* ViewController.swift in Sources */,
				881D6E6C1EBAF59300BA4ADF /* Data.swift in Sources */,
				881D6E681EBAEC0000BA4ADF /* TableViewEventInWeek.swift in Sources */,
				881D6E6A1EBAF51A00BA4ADF /* StructData.swift in Sources */,
				881D6E561EBAEB3400BA4ADF /* AppDelegate.swift in Sources */,
			);
			runOnlyForDeploymentPostprocessing = 0;
		};
/* End PBXSourcesBuildPhase section */

/* Begin PBXVariantGroup section */
		881D6E591EBAEB3500BA4ADF /* Main.storyboard */ = {
			isa = PBXVariantGroup;
			children = (
				881D6E5A1EBAEB3500BA4ADF /* Base */,
			);
			name = Main.storyboard;
			sourceTree = "<group>";
		};
		881D6E5E1EBAEB3500BA4ADF /* LaunchScreen.storyboard */ = {
			isa = PBXVariantGroup;
			children = (
				881D6E5F1EBAEB3500BA4ADF /* Base */,
			);
			name = LaunchScreen.storyboard;
			sourceTree = "<group>";
		};
/* End PBXVariantGroup section */

/* Begin XCBuildConfiguration section */
		881D6E621EBAEB3500BA4ADF /* Debug */ = {
			isa = XCBuildConfiguration;
			buildSettings = {
				ALWAYS_SEARCH_USER_PATHS = NO;
				CLANG_ANALYZER_NONNULL = YES;
				CLANG_ANALYZER_NUMBER_OBJECT_CONVERSION = YES_AGGRESSIVE;
				CLANG_CXX_LANGUAGE_STANDARD = "gnu++0x";
				CLANG_CXX_LIBRARY = "libc++";
				CLANG_ENABLE_MODULES = YES;
				CLANG_ENABLE_OBJC_ARC = YES;
				CLANG_WARN_BOOL_CONVERSION = YES;
				CLANG_WARN_CONSTANT_CONVERSION = YES;
				CLANG_WARN_DIRECT_OBJC_ISA_USAGE = YES_ERROR;
				CLANG_WARN_DOCUMENTATION_COMMENTS = YES;
				CLANG_WARN_EMPTY_BODY = YES;
				CLANG_WARN_ENUM_CONVERSION = YES;
				CLANG_WARN_INFINITE_RECURSION = YES;
				CLANG_WARN_INT_CONVERSION = YES;
				CLANG_WARN_OBJC_ROOT_CLASS = YES_ERROR;
				CLANG_WARN_SUSPICIOUS_MOVE = YES;
				CLANG_WARN_UNREACHABLE_CODE = YES;
				CLANG_WARN__DUPLICATE_METHOD_MATCH = YES;
				"CODE_SIGN_IDENTITY[sdk=iphoneos*]" = "iPhone Developer";
				COPY_PHASE_STRIP = NO;
				DEBUG_INFORMATION_FORMAT = dwarf;
				ENABLE_STRICT_OBJC_MSGSEND = YES;
				ENABLE_TESTABILITY = YES;
				GCC_C_LANGUAGE_STANDARD = gnu99;
				GCC_DYNAMIC_NO_PIC = NO;
				GCC_NO_COMMON_BLOCKS = YES;
				GCC_OPTIMIZATION_LEVEL = 0;
				GCC_PREPROCESSOR_DEFINITIONS = (
					"DEBUG=1",
					"$(inherited)",
				);
				GCC_WARN_64_TO_32_BIT_CONVERSION = YES;
				GCC_WARN_ABOUT_RETURN_TYPE = YES_ERROR;
				GCC_WARN_UNDECLARED_SELECTOR = YES;
				GCC_WARN_UNINITIALIZED_AUTOS = YES_AGGRESSIVE;
				GCC_WARN_UNUSED_FUNCTION = YES;
				GCC_WARN_UNUSED_VARIABLE = YES;
				IPHONEOS_DEPLOYMENT_TARGET = 10.3;
				MTL_ENABLE_DEBUG_INFO = YES;
				ONLY_ACTIVE_ARCH = YES;
				SDKROOT = iphoneos;
				SWIFT_ACTIVE_COMPILATION_CONDITIONS = DEBUG;
				SWIFT_OPTIMIZATION_LEVEL = "-Onone";
				TARGETED_DEVICE_FAMILY = "1,2";
			};
			name = Debug;
		};
		881D6E631EBAEB3500BA4ADF /* Release */ = {
			isa = XCBuildConfiguration;
			buildSettings = {
				ALWAYS_SEARCH_USER_PATHS = NO;
				CLANG_ANALYZER_NONNULL = YES;
				CLANG_ANALYZER_NUMBER_OBJECT_CONVERSION = YES_AGGRESSIVE;
				CLANG_CXX_LANGUAGE_STANDARD = "gnu++0x";
				CLANG_CXX_LIBRARY = "libc++";
				CLANG_ENABLE_MODULES = YES;
				CLANG_ENABLE_OBJC_ARC = YES;
				CLANG_WARN_BOOL_CONVERSION = YES;
				CLANG_WARN_CONSTANT_CONVERSION = YES;
				CLANG_WARN_DIRECT_OBJC_ISA_USAGE = YES_ERROR;
				CLANG_WARN_DOCUMENTATION_COMMENTS = YES;
				CLANG_WARN_EMPTY_BODY = YES;
				CLANG_WARN_ENUM_CONVERSION = YES;
				CLANG_WARN_INFINITE_RECURSION = YES;
				CLANG_WARN_INT_CONVERSION = YES;
				CLANG_WARN_OBJC_ROOT_CLASS = YES_ERROR;
				CLANG_WARN_SUSPICIOUS_MOVE = YES;
				CLANG_WARN_UNREACHABLE_CODE = YES;
				CLANG_WARN__DUPLICATE_METHOD_MATCH = YES;
				"CODE_SIGN_IDENTITY[sdk=iphoneos*]" = "iPhone Developer";
				COPY_PHASE_STRIP = NO;
				DEBUG_INFORMATION_FORMAT = "dwarf-with-dsym";
				ENABLE_NS_ASSERTIONS = NO;
				ENABLE_STRICT_OBJC_MSGSEND = YES;
				GCC_C_LANGUAGE_STANDARD = gnu99;
				GCC_NO_COMMON_BLOCKS = YES;
				GCC_WARN_64_TO_32_BIT_CONVERSION = YES;
				GCC_WARN_ABOUT_RETURN_TYPE = YES_ERROR;
				GCC_WARN_UNDECLARED_SELECTOR = YES;
				GCC_WARN_UNINITIALIZED_AUTOS = YES_AGGRESSIVE;
				GCC_WARN_UNUSED_FUNCTION = YES;
				GCC_WARN_UNUSED_VARIABLE = YES;
				IPHONEOS_DEPLOYMENT_TARGET = 10.3;
				MTL_ENABLE_DEBUG_INFO = NO;
				SDKROOT = iphoneos;
				SWIFT_OPTIMIZATION_LEVEL = "-Owholemodule";
				TARGETED_DEVICE_FAMILY = "1,2";
				VALIDATE_PRODUCT = YES;
			};
			name = Release;
		};
		881D6E651EBAEB3500BA4ADF /* Debug */ = {
			isa = XCBuildConfiguration;
			buildSettings = {
				ASSETCATALOG_COMPILER_APPICON_NAME = AppIcon;
				INFOPLIST_FILE = EventInWeek/Info.plist;
				IPHONEOS_DEPLOYMENT_TARGET = 10.3;
				LD_RUNPATH_SEARCH_PATHS = "$(inherited) @executable_path/Frameworks";
				PRODUCT_BUNDLE_IDENTIFIER = Quiz.EventInWeek;
				PRODUCT_NAME = "$(TARGET_NAME)";
				SWIFT_VERSION = 3.0;
			};
			name = Debug;
		};
		881D6E661EBAEB3500BA4ADF /* Release */ = {
			isa = XCBuildConfiguration;
			buildSettings = {
				ASSETCATALOG_COMPILER_APPICON_NAME = AppIcon;
				INFOPLIST_FILE = EventInWeek/Info.plist;
				IPHONEOS_DEPLOYMENT_TARGET = 10.3;
				LD_RUNPATH_SEARCH_PATHS = "$(inherited) @executable_path/Frameworks";
				PRODUCT_BUNDLE_IDENTIFIER = Quiz.EventInWeek;
				PRODUCT_NAME = "$(TARGET_NAME)";
				SWIFT_VERSION = 3.0;
			};
			name = Release;
		};
/* End XCBuildConfiguration section */

/* Begin XCConfigurationList section */
		881D6E4D1EBAEB3400BA4ADF /* Build configuration list for PBXProject "EventInWeek" */ = {
			isa = XCConfigurationList;
			buildConfigurations = (
				881D6E621EBAEB3500BA4ADF /* Debug */,
				881D6E631EBAEB3500BA4ADF /* Release */,
			);
			defaultConfigurationIsVisible = 0;
			defaultConfigurationName = Release;
		};
		881D6E641EBAEB3500BA4ADF /* Build configuration list for PBXNativeTarget "EventInWeek" */ = {
			isa = XCConfigurationList;
			buildConfigurations = (
				881D6E651EBAEB3500BA4ADF /* Debug */,
				881D6E661EBAEB3500BA4ADF /* Release */,
			);
			defaultConfigurationIsVisible = 0;
		};
/* End XCConfigurationList section */
	};
	rootObject = 881D6E4A1EBAEB3400BA4ADF /* Project object */;
}
